
Microsoft Visual Studio Solution File, Format Version 12.00
# Visual Studio 15
VisualStudioVersion = 15.0.27703.2035
MinimumVisualStudioVersion = 10.0.40219.1
Project("{FAE04EC0-301F-11D3-BF4B-00C04F79EFBC}") = "ASP.NET HW 4 Publishers", "ASP.NET HW 4 Publishers\ASP.NET HW 4 Publishers.csproj", "{FA77F55A-9F2C-4182-8D4D-05184B345BD5}"
EndProject
Global
	GlobalSection(SolutionConfigurationPlatforms) = preSolution
		Debug|Any CPU = Debug|Any CPU
		Release|Any CPU = Release|Any CPU
	EndGlobalSection
	GlobalSection(ProjectConfigurationPlatforms) = postSolution
		{FA77F55A-9F2C-4182-8D4D-05184B345BD5}.Debug|Any CPU.ActiveCfg = Debug|Any CPU
		{FA77F55A-9F2C-4182-8D4D-05184B345BD5}.Debug|Any CPU.Build.0 = Debug|Any CPU
		{FA77F55A-9F2C-4182-8D4D-05184B345BD5}.Release|Any CPU.ActiveCfg = Release|Any CPU
		{FA77F55A-9F2C-4182-8D4D-05184B345BD5}.Release|Any CPU.Build.0 = Release|Any CPU
	EndGlobalSection
	GlobalSection(SolutionProperties) = preSolution
		HideSolutionNode = FALSE
	EndGlobalSection
	GlobalSection(ExtensibilityGlobals) = postSolution
		SolutionGuid = {9C1090BF-4DAE-4D82-8D89-515834B1BCB0}
	EndGlobalSection
EndGlobal
